
Microsoft Visual Studio Solution File, Format Version 12.00
# Visual Studio Version 16
VisualStudioVersion = 16.0.31410.357
MinimumVisualStudioVersion = 10.0.40219.1
Project("{FAE04EC0-301F-11D3-BF4B-00C04F79EFBC}") = "CapacitacionIHostedService", "CapacitacionIHostedService.csproj", "{EDAC0D18-4201-4F1C-8E3C-AF6CFED355F0}"
EndProject
Global
	GlobalSection(SolutionConfigurationPlatforms) = preSolution
		Debug|Any CPU = Debug|Any CPU
		Release|Any CPU = Release|Any CPU
	EndGlobalSection
	GlobalSection(ProjectConfigurationPlatforms) = postSolution
		{EDAC0D18-4201-4F1C-8E3C-AF6CFED355F0}.Debug|Any CPU.ActiveCfg = Debug|Any CPU
		{EDAC0D18-4201-4F1C-8E3C-AF6CFED355F0}.Debug|Any CPU.Build.0 = Debug|Any CPU
		{EDAC0D18-4201-4F1C-8E3C-AF6CFED355F0}.Release|Any CPU.ActiveCfg = Release|Any CPU
		{EDAC0D18-4201-4F1C-8E3C-AF6CFED355F0}.Release|Any CPU.Build.0 = Release|Any CPU
	EndGlobalSection
	GlobalSection(SolutionProperties) = preSolution
		HideSolutionNode = FALSE
	EndGlobalSection
	GlobalSection(ExtensibilityGlobals) = postSolution
		SolutionGuid = {FB9E55CC-44A4-43A1-9CAE-975E24C01179}
	EndGlobalSection
EndGlobal
